
Microsoft Visual Studio Solution File, Format Version 12.00
# Visual Studio Version 17
VisualStudioVersion = 17.4.32804.182
MinimumVisualStudioVersion = 10.0.40219.1
Project("{9A19103F-16F7-4668-BE54-9A1E7A4F7556}") = "Todo.API", "Todo.API\Todo.API.csproj", "{0331CBB9-BC25-4557-97A2-B708FA8CB508}"
EndProject
Project("{9A19103F-16F7-4668-BE54-9A1E7A4F7556}") = "Audit.API", "Audit.API\Audit.API.csproj", "{3004F0D3-995D-4468-B03C-32B61E456C13}"
EndProject
Project("{9A19103F-16F7-4668-BE54-9A1E7A4F7556}") = "TodoProject.Models", "TodoProject.Models\TodoProject.Models.csproj", "{A7315379-ADA8-4ADF-90B7-238EEB32C924}"
EndProject
Global
	GlobalSection(SolutionConfigurationPlatforms) = preSolution
		Debug|Any CPU = Debug|Any CPU
		Release|Any CPU = Release|Any CPU
	EndGlobalSection
	GlobalSection(ProjectConfigurationPlatforms) = postSolution
		{0331CBB9-BC25-4557-97A2-B708FA8CB508}.Debug|Any CPU.ActiveCfg = Debug|Any CPU
		{0331CBB9-BC25-4557-97A2-B708FA8CB508}.Debug|Any CPU.Build.0 = Debug|Any CPU
		{0331CBB9-BC25-4557-97A2-B708FA8CB508}.Release|Any CPU.ActiveCfg = Release|Any CPU
		{0331CBB9-BC25-4557-97A2-B708FA8CB508}.Release|Any CPU.Build.0 = Release|Any CPU
		{3004F0D3-995D-4468-B03C-32B61E456C13}.Debug|Any CPU.ActiveCfg = Debug|Any CPU
		{3004F0D3-995D-4468-B03C-32B61E456C13}.Debug|Any CPU.Build.0 = Debug|Any CPU
		{3004F0D3-995D-4468-B03C-32B61E456C13}.Release|Any CPU.ActiveCfg = Release|Any CPU
		{3004F0D3-995D-4468-B03C-32B61E456C13}.Release|Any CPU.Build.0 = Release|Any CPU
		{A7315379-ADA8-4ADF-90B7-238EEB32C924}.Debug|Any CPU.ActiveCfg = Debug|Any CPU
		{A7315379-ADA8-4ADF-90B7-238EEB32C924}.Debug|Any CPU.Build.0 = Debug|Any CPU
		{A7315379-ADA8-4ADF-90B7-238EEB32C924}.Release|Any CPU.ActiveCfg = Release|Any CPU
		{A7315379-ADA8-4ADF-90B7-238EEB32C924}.Release|Any CPU.Build.0 = Release|Any CPU
	EndGlobalSection
	GlobalSection(SolutionProperties) = preSolution
		HideSolutionNode = FALSE
	EndGlobalSection
	GlobalSection(ExtensibilityGlobals) = postSolution
		SolutionGuid = {5AAA66C9-B61E-4B27-B38A-34919D9F9618}
	EndGlobalSection
EndGlobal
